PODS:
  - Expecta (1.0.6)
  - "Expecta+Snapshots (3.1.1)":
    - Expecta (~> 1.0)
    - FBSnapshotTestCase/Core (~> 2.0)
    - Specta (~> 1.0)
  - FBSnapshotTestCase (2.1.4):
    - FBSnapshotTestCase/SwiftSupport (= 2.1.4)
  - FBSnapshotTestCase/Core (2.1.4)
  - FBSnapshotTestCase/SwiftSupport (2.1.4):
    - FBSnapshotTestCase/Core
  - SnapKit (5.0.1)
  - Specta (1.0.7)
  - Taoprone (0.1.0)

DEPENDENCIES:
  - Expecta
  - "Expecta+Snapshots"
  - FBSnapshotTestCase
  - SnapKit
  - Specta
  - Taoprone (from `../`)

SPEC REPOS:
  trunk:
    - Expecta
    - "Expecta+Snapshots"
    - FBSnapshotTestCase
    - SnapKit
    - Specta

EXTERNAL SOURCES:
  Taoprone:
    :path: "../"

SPEC CHECKSUMS:
  Expecta: 3b6bd90a64b9a1dcb0b70aa0e10a7f8f631667d5
  "Expecta+Snapshots": dcff217eef506dabd6dfdc7864ea2da321fafbb8
  FBSnapshotTestCase: 094f9f314decbabe373b87cc339bea235a63e07a
  SnapKit: 97b92857e3df3a0c71833cce143274bf6ef8e5eb
  Specta: 3e1bd89c3517421982dc4d1c992503e48bd5fe66
  Taoprone: 4ce1fb194b7df2461d3b57f41f9985a4e6e3a7f4

PODFILE CHECKSUM: 58b03665eaff75c6034aa26048a69bc58e618d8c

COCOAPODS: 1.10.1
